// !$*UTF8*$!
{
	archiveVersion = 1;
	classes = {
	};
	objectVersion = 50;
	objects = {

/* Begin PBXBuildFile section */
		5C3A4D342222CF5D00D16570 /* WindSensor.swift in Sources */ = {isa = PBXBuildFile; fileRef = 5C3A4D332222CF5D00D16570 /* WindSensor.swift */; };
		5C3A4D3622230F5E00D16570 /* Vector.swift in Sources */ = {isa = PBXBuildFile; fileRef = 5C3A4D3522230F5E00D16570 /* Vector.swift */; };
		5C45BEEC221A9DF300D810DF /* Display.swift in Sources */ = {isa = PBXBuildFile; fileRef = 5C45BEEB221A9DF300D810DF /* Display.swift */; };
		5C45BEEE221AA04B00D810DF /* CalculateSensor.swift in Sources */ = {isa = PBXBuildFile; fileRef = 5C45BEED221AA04B00D810DF /* CalculateSensor.swift */; };
		5C9828532217FBE700A73DC6 /* main.swift in Sources */ = {isa = PBXBuildFile; fileRef = 5C9828522217FBE700A73DC6 /* main.swift */; };
		5C98285C2217FED100A73DC6 /* Observer.swift in Sources */ = {isa = PBXBuildFile; fileRef = 5C98285B2217FED100A73DC6 /* Observer.swift */; };
		5C982860221832F200A73DC6 /* WeatherData.swift in Sources */ = {isa = PBXBuildFile; fileRef = 5C98285F221832F200A73DC6 /* WeatherData.swift */; };
		5C9828622218335400A73DC6 /* DisplayCurrentValues.swift in Sources */ = {isa = PBXBuildFile; fileRef = 5C9828612218335400A73DC6 /* DisplayCurrentValues.swift */; };
		5CCB3FD12221301C00203006 /* SensorType.swift in Sources */ = {isa = PBXBuildFile; fileRef = 5CCB3FD02221301C00203006 /* SensorType.swift */; };
/* End PBXBuildFile section */

/* Begin PBXCopyFilesBuildPhase section */
		5C98284D2217FBE700A73DC6 /* CopyFiles */ = {
			isa = PBXCopyFilesBuildPhase;
			buildActionMask = 2147483647;
			dstPath = /usr/share/man/man1/;
			dstSubfolderSpec = 0;
			files = (
			);
			runOnlyForDeploymentPostprocessing = 1;
		};
/* End PBXCopyFilesBuildPhase section */

/* Begin PBXFileReference section */
		5C3A4D332222CF5D00D16570 /* WindSensor.swift */ = {isa = PBXFileReference; lastKnownFileType = sourcecode.swift; path = WindSensor.swift; sourceTree = "<group>"; };
		5C3A4D3522230F5E00D16570 /* Vector.swift */ = {isa = PBXFileReference; lastKnownFileType = sourcecode.swift; path = Vector.swift; sourceTree = "<group>"; };
		5C45BEEB221A9DF300D810DF /* Display.swift */ = {isa = PBXFileReference; lastKnownFileType = sourcecode.swift; path = Display.swift; sourceTree = "<group>"; };
		5C45BEED221AA04B00D810DF /* CalculateSensor.swift */ = {isa = PBXFileReference; lastKnownFileType = sourcecode.swift; path = CalculateSensor.swift; sourceTree = "<group>"; };
		5C98284F2217FBE700A73DC6 /* DisplayFullStatisticInfo */ = {isa = PBXFileReference; explicitFileType = "compiled.mach-o.executable"; includeInIndex = 0; path = DisplayFullStatisticInfo; sourceTree = BUILT_PRODUCTS_DIR; };
		5C9828522217FBE700A73DC6 /* main.swift */ = {isa = PBXFileReference; lastKnownFileType = sourcecode.swift; path = main.swift; sourceTree = "<group>"; };
		5C98285B2217FED100A73DC6 /* Observer.swift */ = {isa = PBXFileReference; lastKnownFileType = sourcecode.swift; path = Observer.swift; sourceTree = "<group>"; };
		5C98285F221832F200A73DC6 /* WeatherData.swift */ = {isa = PBXFileReference; lastKnownFileType = sourcecode.swift; path = WeatherData.swift; sourceTree = "<group>"; };
		5C9828612218335400A73DC6 /* DisplayCurrentValues.swift */ = {isa = PBXFileReference; lastKnownFileType = sourcecode.swift; path = DisplayCurrentValues.swift; sourceTree = "<group>"; };
		5CCB3FD02221301C00203006 /* SensorType.swift */ = {isa = PBXFileReference; lastKnownFileType = sourcecode.swift; path = SensorType.swift; sourceTree = "<group>"; };
/* End PBXFileReference section */

/* Begin PBXFrameworksBuildPhase section */
		5C98284C2217FBE700A73DC6 /* Frameworks */ = {
			isa = PBXFrameworksBuildPhase;
			buildActionMask = 2147483647;
			files = (
			);
			runOnlyForDeploymentPostprocessing = 0;
		};
/* End PBXFrameworksBuildPhase section */

/* Begin PBXGroup section */
		5C3D52692219B4CD00E4F5EA /* Observer */ = {
			isa = PBXGroup;
			children = (
				5C98285B2217FED100A73DC6 /* Observer.swift */,
			);
			path = Observer;
			sourceTree = "<group>";
		};
		5C3D526A2219B4E800E4F5EA /* Display */ = {
			isa = PBXGroup;
			children = (
				5C9828612218335400A73DC6 /* DisplayCurrentValues.swift */,
				5C45BEEB221A9DF300D810DF /* Display.swift */,
				5C3A4D332222CF5D00D16570 /* WindSensor.swift */,
				5C45BEED221AA04B00D810DF /* CalculateSensor.swift */,
			);
			path = Display;
			sourceTree = "<group>";
		};
		5C3D526B2219B50100E4F5EA /* Entity */ = {
			isa = PBXGroup;
			children = (
				5C98285F221832F200A73DC6 /* WeatherData.swift */,
				5CCB3FD02221301C00203006 /* SensorType.swift */,
				5C3A4D3522230F5E00D16570 /* Vector.swift */,
			);
			path = Entity;
			sourceTree = "<group>";
		};
		5C9828462217FBE700A73DC6 = {
			isa = PBXGroup;
			children = (
				5C9828512217FBE700A73DC6 /* DisplayFullStatisticInfo */,
				5C9828502217FBE700A73DC6 /* Products */,
			);
			sourceTree = "<group>";
		};
		5C9828502217FBE700A73DC6 /* Products */ = {
			isa = PBXGroup;
			children = (
				5C98284F2217FBE700A73DC6 /* DisplayFullStatisticInfo */,
			);
			name = Products;
			sourceTree = "<group>";
		};
		5C9828512217FBE700A73DC6 /* DisplayFullStatisticInfo */ = {
			isa = PBXGroup;
			children = (
				5C3D526B2219B50100E4F5EA /* Entity */,
				5C3D526A2219B4E800E4F5EA /* Display */,
				5C3D52692219B4CD00E4F5EA /* Observer */,
				5C9828522217FBE700A73DC6 /* main.swift */,
			);
			path = DisplayFullStatisticInfo;
			sourceTree = "<group>";
		};
/* End PBXGroup section */

/* Begin PBXNativeTarget section */
		5C98284E2217FBE700A73DC6 /* DisplayFullStatisticInfo */ = {
			isa = PBXNativeTarget;
			buildConfigurationList = 5C9828562217FBE700A73DC6 /* Build configuration list for PBXNativeTarget "DisplayFullStatisticInfo" */;
			buildPhases = (
				5C98284B2217FBE700A73DC6 /* Sources */,
				5C98284C2217FBE700A73DC6 /* Frameworks */,
				5C98284D2217FBE700A73DC6 /* CopyFiles */,
			);
			buildRules = (
			);
			dependencies = (
			);
			name = DisplayFullStatisticInfo;
			productName = DisplayFullStatisticInfo;
			productReference = 5C98284F2217FBE700A73DC6 /* DisplayFullStatisticInfo */;
			productType = "com.apple.product-type.tool";
		};
/* End PBXNativeTarget section */

/* Begin PBXProject section */
		5C9828472217FBE700A73DC6 /* Project object */ = {
			isa = PBXProject;
			attributes = {
				LastSwiftUpdateCheck = 1010;
				LastUpgradeCheck = 1010;
				ORGANIZATIONNAME = "Yegor Lindberg";
				TargetAttributes = {
					5C98284E2217FBE700A73DC6 = {
						CreatedOnToolsVersion = 10.1;
					};
				};
			};
			buildConfigurationList = 5C98284A2217FBE700A73DC6 /* Build configuration list for PBXProject "DisplayFullStatisticInfo" */;
			compatibilityVersion = "Xcode 9.3";
			developmentRegion = en;
			hasScannedForEncodings = 0;
			knownRegions = (
				en,
			);
			mainGroup = 5C9828462217FBE700A73DC6;
			productRefGroup = 5C9828502217FBE700A73DC6 /* Products */;
			projectDirPath = "";
			projectRoot = "";
			targets = (
				5C98284E2217FBE700A73DC6 /* DisplayFullStatisticInfo */,
			);
		};
/* End PBXProject section */

/* Begin PBXSourcesBuildPhase section */
		5C98284B2217FBE700A73DC6 /* Sources */ = {
			isa = PBXSourcesBuildPhase;
			buildActionMask = 2147483647;
			files = (
				5C45BEEE221AA04B00D810DF /* CalculateSensor.swift in Sources */,
				5C9828532217FBE700A73DC6 /* main.swift in Sources */,
				5C982860221832F200A73DC6 /* WeatherData.swift in Sources */,
				5C9828622218335400A73DC6 /* DisplayCurrentValues.swift in Sources */,
				5C98285C2217FED100A73DC6 /* Observer.swift in Sources */,
				5CCB3FD12221301C00203006 /* SensorType.swift in Sources */,
				5C45BEEC221A9DF300D810DF /* Display.swift in Sources */,
				5C3A4D3622230F5E00D16570 /* Vector.swift in Sources */,
				5C3A4D342222CF5D00D16570 /* WindSensor.swift in Sources */,
			);
			runOnlyForDeploymentPostprocessing = 0;
		};
/* End PBXSourcesBuildPhase section */

/* Begin XCBuildConfiguration section */
		5C9828542217FBE700A73DC6 /* Debug */ = {
			isa = XCBuildConfiguration;
			buildSettings = {
				ALWAYS_SEARCH_USER_PATHS = NO;
				CLANG_ANALYZER_NONNULL = YES;
				CLANG_ANALYZER_NUMBER_OBJECT_CONVERSION = YES_AGGRESSIVE;
				CLANG_CXX_LANGUAGE_STANDARD = "gnu++14";
				CLANG_CXX_LIBRARY = "libc++";
				CLANG_ENABLE_MODULES = YES;
				CLANG_ENABLE_OBJC_ARC = YES;
				CLANG_ENABLE_OBJC_WEAK = YES;
				CLANG_WARN_BLOCK_CAPTURE_AUTORELEASING = YES;
				CLANG_WARN_BOOL_CONVERSION = YES;
				CLANG_WARN_COMMA = YES;
				CLANG_WARN_CONSTANT_CONVERSION = YES;
				CLANG_WARN_DEPRECATED_OBJC_IMPLEMENTATIONS = YES;
				CLANG_WARN_DIRECT_OBJC_ISA_USAGE = YES_ERROR;
				CLANG_WARN_DOCUMENTATION_COMMENTS = YES;
				CLANG_WARN_EMPTY_BODY = YES;
				CLANG_WARN_ENUM_CONVERSION = YES;
				CLANG_WARN_INFINITE_RECURSION = YES;
				CLANG_WARN_INT_CONVERSION = YES;
				CLANG_WARN_NON_LITERAL_NULL_CONVERSION = YES;
				CLANG_WARN_OBJC_IMPLICIT_RETAIN_SELF = YES;
				CLANG_WARN_OBJC_LITERAL_CONVERSION = YES;
				CLANG_WARN_OBJC_ROOT_CLASS = YES_ERROR;
				CLANG_WARN_RANGE_LOOP_ANALYSIS = YES;
				CLANG_WARN_STRICT_PROTOTYPES = YES;
				CLANG_WARN_SUSPICIOUS_MOVE = YES;
				CLANG_WARN_UNGUARDED_AVAILABILITY = YES_AGGRESSIVE;
				CLANG_WARN_UNREACHABLE_CODE = YES;
				CLANG_WARN__DUPLICATE_METHOD_MATCH = YES;
				CODE_SIGN_IDENTITY = "-";
				COPY_PHASE_STRIP = NO;
				DEBUG_INFORMATION_FORMAT = dwarf;
				ENABLE_STRICT_OBJC_MSGSEND = YES;
				ENABLE_TESTABILITY = YES;
				GCC_C_LANGUAGE_STANDARD = gnu11;
				GCC_DYNAMIC_NO_PIC = NO;
				GCC_NO_COMMON_BLOCKS = YES;
				GCC_OPTIMIZATION_LEVEL = 0;
				GCC_PREPROCESSOR_DEFINITIONS = (
					"DEBUG=1",
					"$(inherited)",
				);
				GCC_WARN_64_TO_32_BIT_CONVERSION = YES;
				GCC_WARN_ABOUT_RETURN_TYPE = YES_ERROR;
				GCC_WARN_UNDECLARED_SELECTOR = YES;
				GCC_WARN_UNINITIALIZED_AUTOS = YES_AGGRESSIVE;
				GCC_WARN_UNUSED_FUNCTION = YES;
				GCC_WARN_UNUSED_VARIABLE = YES;
				MACOSX_DEPLOYMENT_TARGET = 10.14;
				MTL_ENABLE_DEBUG_INFO = INCLUDE_SOURCE;
				MTL_FAST_MATH = YES;
				ONLY_ACTIVE_ARCH = YES;
				SDKROOT = macosx;
				SWIFT_ACTIVE_COMPILATION_CONDITIONS = DEBUG;
				SWIFT_OPTIMIZATION_LEVEL = "-Onone";
			};
			name = Debug;
		};
		5C9828552217FBE700A73DC6 /* Release */ = {
			isa = XCBuildConfiguration;
			buildSettings = {
				ALWAYS_SEARCH_USER_PATHS = NO;
				CLANG_ANALYZER_NONNULL = YES;
				CLANG_ANALYZER_NUMBER_OBJECT_CONVERSION = YES_AGGRESSIVE;
				CLANG_CXX_LANGUAGE_STANDARD = "gnu++14";
				CLANG_CXX_LIBRARY = "libc++";
				CLANG_ENABLE_MODULES = YES;
				CLANG_ENABLE_OBJC_ARC = YES;
				CLANG_ENABLE_OBJC_WEAK = YES;
				CLANG_WARN_BLOCK_CAPTURE_AUTORELEASING = YES;
				CLANG_WARN_BOOL_CONVERSION = YES;
				CLANG_WARN_COMMA = YES;
				CLANG_WARN_CONSTANT_CONVERSION = YES;
				CLANG_WARN_DEPRECATED_OBJC_IMPLEMENTATIONS = YES;
				CLANG_WARN_DIRECT_OBJC_ISA_USAGE = YES_ERROR;
				CLANG_WARN_DOCUMENTATION_COMMENTS = YES;
				CLANG_WARN_EMPTY_BODY = YES;
				CLANG_WARN_ENUM_CONVERSION = YES;
				CLANG_WARN_INFINITE_RECURSION = YES;
				CLANG_WARN_INT_CONVERSION = YES;
				CLANG_WARN_NON_LITERAL_NULL_CONVERSION = YES;
				CLANG_WARN_OBJC_IMPLICIT_RETAIN_SELF = YES;
				CLANG_WARN_OBJC_LITERAL_CONVERSION = YES;
				CLANG_WARN_OBJC_ROOT_CLASS = YES_ERROR;
				CLANG_WARN_RANGE_LOOP_ANALYSIS = YES;
				CLANG_WARN_STRICT_PROTOTYPES = YES;
				CLANG_WARN_SUSPICIOUS_MOVE = YES;
				CLANG_WARN_UNGUARDED_AVAILABILITY = YES_AGGRESSIVE;
				CLANG_WARN_UNREACHABLE_CODE = YES;
				CLANG_WARN__DUPLICATE_METHOD_MATCH = YES;
				CODE_SIGN_IDENTITY = "-";
				COPY_PHASE_STRIP = NO;
				DEBUG_INFORMATION_FORMAT = "dwarf-with-dsym";
				ENABLE_NS_ASSERTIONS = NO;
				ENABLE_STRICT_OBJC_MSGSEND = YES;
				GCC_C_LANGUAGE_STANDARD = gnu11;
				GCC_NO_COMMON_BLOCKS = YES;
				GCC_WARN_64_TO_32_BIT_CONVERSION = YES;
				GCC_WARN_ABOUT_RETURN_TYPE = YES_ERROR;
				GCC_WARN_UNDECLARED_SELECTOR = YES;
				GCC_WARN_UNINITIALIZED_AUTOS = YES_AGGRESSIVE;
				GCC_WARN_UNUSED_FUNCTION = YES;
				GCC_WARN_UNUSED_VARIABLE = YES;
				MACOSX_DEPLOYMENT_TARGET = 10.14;
				MTL_ENABLE_DEBUG_INFO = NO;
				MTL_FAST_MATH = YES;
				SDKROOT = macosx;
				SWIFT_COMPILATION_MODE = wholemodule;
				SWIFT_OPTIMIZATION_LEVEL = "-O";
			};
			name = Release;
		};
		5C9828572217FBE700A73DC6 /* Debug */ = {
			isa = XCBuildConfiguration;
			buildSettings = {
				CODE_SIGN_STYLE = Automatic;
				PRODUCT_NAME = "$(TARGET_NAME)";
				SWIFT_VERSION = 4.2;
			};
			name = Debug;
		};
		5C9828582217FBE700A73DC6 /* Release */ = {
			isa = XCBuildConfiguration;
			buildSettings = {
				CODE_SIGN_STYLE = Automatic;
				PRODUCT_NAME = "$(TARGET_NAME)";
				SWIFT_VERSION = 4.2;
			};
			name = Release;
		};
/* End XCBuildConfiguration section */

/* Begin XCConfigurationList section */
		5C98284A2217FBE700A73DC6 /* Build configuration list for PBXProject "DisplayFullStatisticInfo" */ = {
			isa = XCConfigurationList;
			buildConfigurations = (
				5C9828542217FBE700A73DC6 /* Debug */,
				5C9828552217FBE700A73DC6 /* Release */,
			);
			defaultConfigurationIsVisible = 0;
			defaultConfigurationName = Release;
		};
		5C9828562217FBE700A73DC6 /* Build configuration list for PBXNativeTarget "DisplayFullStatisticInfo" */ = {
			isa = XCConfigurationList;
			buildConfigurations = (
				5C9828572217FBE700A73DC6 /* Debug */,
				5C9828582217FBE700A73DC6 /* Release */,
			);
			defaultConfigurationIsVisible = 0;
			defaultConfigurationName = Release;
		};
/* End XCConfigurationList section */
	};
	rootObject = 5C9828472217FBE700A73DC6 /* Project object */;
}
